<?xml version="1.0" encoding="utf-8"?>
<Project ToolsVersion="4.0" xmlns="http://schemas.microsoft.com/developer/msbuild/2003">
  <ItemGroup>
    <Filter Include="头文件">
      <UniqueIdentifier>{93995380-89BD-4b04-88EB-625FBE52EBFB}</UniqueIdentifier>
      <Extensions>h;hh;hpp;hxx;hm;inl;inc;ipp;xsd</Extensions>
    </Filter>
    <Filter Include="资源文件">
      <UniqueIdentifier>{67DA6AB6-F800-4c08-8B7A-83BB121AAD01}</UniqueIdentifier>
      <Extensions>rc;ico;cur;bmp;dlg;rc2;rct;bin;rgs;gif;jpg;jpeg;jpe;resx;tiff;tif;png;wav;mfcribbon-ms</Extensions>
    </Filter>
    <Filter Include="Array">
      <UniqueIdentifier>{f16ea2ce-adf5-4246-9110-f8b2e823078a}</UniqueIdentifier>
    </Filter>
    <Filter Include="List">
      <UniqueIdentifier>{039a7ae4-a9e0-44e1-9c90-12d9a8e7a847}</UniqueIdentifier>
    </Filter>
    <Filter Include="Hash">
      <UniqueIdentifier>{0f2f5f34-f150-43d7-82ee-c853c3b4bda2}</UniqueIdentifier>
    </Filter>
    <Filter Include="string">
      <UniqueIdentifier>{622a176f-1b3a-4444-a322-11f4f0e6f840}</UniqueIdentifier>
    </Filter>
    <Filter Include="源文件">
      <UniqueIdentifier>{4FC737F1-C7A5-4376-A066-2A32D752A2FF}</UniqueIdentifier>
      <Extensions>cpp;c;cc;cxx;def;odl;idl;hpj;bat;asm;asmx</Extensions>
    </Filter>
  </ItemGroup>
  <ItemGroup>
    <ClCompile Include="C++Algorithm.cpp">
      <Filter>源文件</Filter>
    </ClCompile>
    <ClCompile Include="Array.cpp">
      <Filter>Array</Filter>
    </ClCompile>
    <ClCompile Include="List.cpp">
      <Filter>List</Filter>
    </ClCompile>
    <ClCompile Include="Hash.cpp">
      <Filter>Hash</Filter>
    </ClCompile>
    <ClCompile Include="MString.cpp">
      <Filter>string</Filter>
    </ClCompile>
  </ItemGroup>
  <ItemGroup>
    <ClInclude Include="Array.h">
      <Filter>Array</Filter>
    </ClInclude>
    <ClInclude Include="List.h">
      <Filter>List</Filter>
    </ClInclude>
    <ClInclude Include="Hash.h">
      <Filter>Hash</Filter>
    </ClInclude>
    <ClInclude Include="MString.h">
      <Filter>string</Filter>
    </ClInclude>
  </ItemGroup>
</Project>